
Microsoft Visual Studio Solution File, Format Version 12.00
# Visual Studio 14
VisualStudioVersion = 14.0.25420.1
MinimumVisualStudioVersion = 10.0.40219.1
Project("{2150E333-8FDC-42A3-9474-1A3956D46DE8}") = "MVC5", "MVC5", "{FA1A9E05-5E72-4543-80E5-55326FA506D7}"
EndProject
Project("{FAE04EC0-301F-11D3-BF4B-00C04F79EFBC}") = "MultiTenancyFramework.Core", "MultiTenancyFramework.Core\MultiTenancyFramework.Core.csproj", "{1EFEECF2-0332-4B84-8BD3-772F59B0B579}"
EndProject
Project("{FAE04EC0-301F-11D3-BF4B-00C04F79EFBC}") = "MultiTenancyFramework.Mvc", "MVC5\MultiTenancyFramework.Mvc\MultiTenancyFramework.Mvc.csproj", "{8DA996FF-242D-41EB-B139-A73165874ABB}"
EndProject
Project("{FAE04EC0-301F-11D3-BF4B-00C04F79EFBC}") = "MultiTenancyFramework.NHibernate", "MultiTenancyFramework.NHibernate\MultiTenancyFramework.NHibernate.csproj", "{85D5D252-5629-45E1-A83E-2187B8877806}"
EndProject
Project("{FAE04EC0-301F-11D3-BF4B-00C04F79EFBC}") = "MultiTenancyFramework.Mvc.NHibernate", "MVC5\MultiTenancyFramework.Mvc.NHibernate\MultiTenancyFramework.Mvc.NHibernate.csproj", "{EC2F859B-110C-4E6A-9506-D917906991D2}"
EndProject
Project("{2150E333-8FDC-42A3-9474-1A3956D46DE8}") = "SolutionItems", "SolutionItems", "{9644F30C-E238-49F0-A9CC-A5BCEAB3E3CC}"
	ProjectSection(SolutionItems) = preProject
		SolutionItems\ArchitectureDiagram.odg = SolutionItems\ArchitectureDiagram.odg
		SolutionItems\SolutionArchitecture.PNG = SolutionItems\SolutionArchitecture.PNG
	EndProjectSection
EndProject
Project("{2150E333-8FDC-42A3-9474-1A3956D46DE8}") = "IoCContainers", "IoCContainers", "{653C3AB2-1156-483C-9A0C-53C27EDD2A71}"
EndProject
Project("{FAE04EC0-301F-11D3-BF4B-00C04F79EFBC}") = "MultiTenancyFramework.SimpleInjector", "IoCContainers\MultiTenancyFramework.SimpleInjector\MultiTenancyFramework.SimpleInjector.csproj", "{1D0C1D0D-22CC-4D9F-89AB-0CF3E5A104A3}"
EndProject
Project("{FAE04EC0-301F-11D3-BF4B-00C04F79EFBC}") = "ConsoleTests", "ConsoleTests\ConsoleTests.csproj", "{A32A9E74-3AF6-4ADF-9E31-EDFF25BE049A}"
EndProject
Project("{FAE04EC0-301F-11D3-BF4B-00C04F79EFBC}") = "WebTests", "WebTests\WebTests.csproj", "{D36D7968-4933-4F6D-AC3E-AF0286256DFD}"
EndProject
Project("{FAE04EC0-301F-11D3-BF4B-00C04F79EFBC}") = "WebTestsNuget", "WebTestsNuget\WebTestsNuget.csproj", "{25E0C390-79D0-454B-8174-A608490D6363}"
EndProject
Project("{2150E333-8FDC-42A3-9474-1A3956D46DE8}") = "WebAPI", "WebAPI", "{6BC1DBD0-B99A-4483-8315-C04E9EC2BC27}"
EndProject
Project("{FAE04EC0-301F-11D3-BF4B-00C04F79EFBC}") = "WebApiTest", "WebApiTest\WebApiTest.csproj", "{7E0AEE94-D612-47F5-9FE8-2D77EEA83992}"
EndProject
Project("{FAE04EC0-301F-11D3-BF4B-00C04F79EFBC}") = "MultiTenancyFramework.WebAPI", "WebAPI\MultiTenancyFramework.WebAPI\MultiTenancyFramework.WebAPI.csproj", "{BDCB0B4B-19F6-4449-844A-58BC15E6FA1F}"
EndProject
Project("{FAE04EC0-301F-11D3-BF4B-00C04F79EFBC}") = "MultiTenancyFramework.CoreTests", "MultiTenancyFramework.CoreTests\MultiTenancyFramework.CoreTests.csproj", "{5FA34575-B1AE-487A-BE03-2098DA083A6B}"
EndProject
Global
	GlobalSection(SolutionConfigurationPlatforms) = preSolution
		Debug|Any CPU = Debug|Any CPU
		Release|Any CPU = Release|Any CPU
		ReleasePackage|Any CPU = ReleasePackage|Any CPU
	EndGlobalSection
	GlobalSection(ProjectConfigurationPlatforms) = postSolution
		{1EFEECF2-0332-4B84-8BD3-772F59B0B579}.Debug|Any CPU.ActiveCfg = Debug|Any CPU
		{1EFEECF2-0332-4B84-8BD3-772F59B0B579}.Debug|Any CPU.Build.0 = Debug|Any CPU
		{1EFEECF2-0332-4B84-8BD3-772F59B0B579}.Release|Any CPU.ActiveCfg = Release|Any CPU
		{1EFEECF2-0332-4B84-8BD3-772F59B0B579}.Release|Any CPU.Build.0 = Release|Any CPU
		{1EFEECF2-0332-4B84-8BD3-772F59B0B579}.ReleasePackage|Any CPU.ActiveCfg = ReleasePackage|Any CPU
		{1EFEECF2-0332-4B84-8BD3-772F59B0B579}.ReleasePackage|Any CPU.Build.0 = ReleasePackage|Any CPU
		{8DA996FF-242D-41EB-B139-A73165874ABB}.Debug|Any CPU.ActiveCfg = Debug|Any CPU
		{8DA996FF-242D-41EB-B139-A73165874ABB}.Debug|Any CPU.Build.0 = Debug|Any CPU
		{8DA996FF-242D-41EB-B139-A73165874ABB}.Release|Any CPU.ActiveCfg = Release|Any CPU
		{8DA996FF-242D-41EB-B139-A73165874ABB}.Release|Any CPU.Build.0 = Release|Any CPU
		{8DA996FF-242D-41EB-B139-A73165874ABB}.ReleasePackage|Any CPU.ActiveCfg = ReleasePackage|Any CPU
		{8DA996FF-242D-41EB-B139-A73165874ABB}.ReleasePackage|Any CPU.Build.0 = ReleasePackage|Any CPU
		{85D5D252-5629-45E1-A83E-2187B8877806}.Debug|Any CPU.ActiveCfg = Debug|Any CPU
		{85D5D252-5629-45E1-A83E-2187B8877806}.Debug|Any CPU.Build.0 = Debug|Any CPU
		{85D5D252-5629-45E1-A83E-2187B8877806}.Release|Any CPU.ActiveCfg = Release|Any CPU
		{85D5D252-5629-45E1-A83E-2187B8877806}.Release|Any CPU.Build.0 = Release|Any CPU
		{85D5D252-5629-45E1-A83E-2187B8877806}.ReleasePackage|Any CPU.ActiveCfg = ReleasePackage|Any CPU
		{85D5D252-5629-45E1-A83E-2187B8877806}.ReleasePackage|Any CPU.Build.0 = ReleasePackage|Any CPU
		{EC2F859B-110C-4E6A-9506-D917906991D2}.Debug|Any CPU.ActiveCfg = Debug|Any CPU
		{EC2F859B-110C-4E6A-9506-D917906991D2}.Debug|Any CPU.Build.0 = Debug|Any CPU
		{EC2F859B-110C-4E6A-9506-D917906991D2}.Release|Any CPU.ActiveCfg = Release|Any CPU
		{EC2F859B-110C-4E6A-9506-D917906991D2}.Release|Any CPU.Build.0 = Release|Any CPU
		{EC2F859B-110C-4E6A-9506-D917906991D2}.ReleasePackage|Any CPU.ActiveCfg = ReleasePackage|Any CPU
		{EC2F859B-110C-4E6A-9506-D917906991D2}.ReleasePackage|Any CPU.Build.0 = ReleasePackage|Any CPU
		{1D0C1D0D-22CC-4D9F-89AB-0CF3E5A104A3}.Debug|Any CPU.ActiveCfg = Debug|Any CPU
		{1D0C1D0D-22CC-4D9F-89AB-0CF3E5A104A3}.Debug|Any CPU.Build.0 = Debug|Any CPU
		{1D0C1D0D-22CC-4D9F-89AB-0CF3E5A104A3}.Release|Any CPU.ActiveCfg = Release|Any CPU
		{1D0C1D0D-22CC-4D9F-89AB-0CF3E5A104A3}.Release|Any CPU.Build.0 = Release|Any CPU
		{1D0C1D0D-22CC-4D9F-89AB-0CF3E5A104A3}.ReleasePackage|Any CPU.ActiveCfg = ReleasePackage|Any CPU
		{1D0C1D0D-22CC-4D9F-89AB-0CF3E5A104A3}.ReleasePackage|Any CPU.Build.0 = ReleasePackage|Any CPU
		{A32A9E74-3AF6-4ADF-9E31-EDFF25BE049A}.Debug|Any CPU.ActiveCfg = Debug|Any CPU
		{A32A9E74-3AF6-4ADF-9E31-EDFF25BE049A}.Debug|Any CPU.Build.0 = Debug|Any CPU
		{A32A9E74-3AF6-4ADF-9E31-EDFF25BE049A}.Release|Any CPU.ActiveCfg = Release|Any CPU
		{A32A9E74-3AF6-4ADF-9E31-EDFF25BE049A}.Release|Any CPU.Build.0 = Release|Any CPU
		{A32A9E74-3AF6-4ADF-9E31-EDFF25BE049A}.ReleasePackage|Any CPU.ActiveCfg = Release|Any CPU
		{A32A9E74-3AF6-4ADF-9E31-EDFF25BE049A}.ReleasePackage|Any CPU.Build.0 = Release|Any CPU
		{D36D7968-4933-4F6D-AC3E-AF0286256DFD}.Debug|Any CPU.ActiveCfg = Debug|Any CPU
		{D36D7968-4933-4F6D-AC3E-AF0286256DFD}.Debug|Any CPU.Build.0 = Debug|Any CPU
		{D36D7968-4933-4F6D-AC3E-AF0286256DFD}.Release|Any CPU.ActiveCfg = Release|Any CPU
		{D36D7968-4933-4F6D-AC3E-AF0286256DFD}.Release|Any CPU.Build.0 = Release|Any CPU
		{D36D7968-4933-4F6D-AC3E-AF0286256DFD}.ReleasePackage|Any CPU.ActiveCfg = Release|Any CPU
		{D36D7968-4933-4F6D-AC3E-AF0286256DFD}.ReleasePackage|Any CPU.Build.0 = Release|Any CPU
		{25E0C390-79D0-454B-8174-A608490D6363}.Debug|Any CPU.ActiveCfg = Debug|Any CPU
		{25E0C390-79D0-454B-8174-A608490D6363}.Debug|Any CPU.Build.0 = Debug|Any CPU
		{25E0C390-79D0-454B-8174-A608490D6363}.Release|Any CPU.ActiveCfg = Release|Any CPU
		{25E0C390-79D0-454B-8174-A608490D6363}.Release|Any CPU.Build.0 = Release|Any CPU
		{25E0C390-79D0-454B-8174-A608490D6363}.ReleasePackage|Any CPU.ActiveCfg = Release|Any CPU
		{25E0C390-79D0-454B-8174-A608490D6363}.ReleasePackage|Any CPU.Build.0 = Release|Any CPU
		{7E0AEE94-D612-47F5-9FE8-2D77EEA83992}.Debug|Any CPU.ActiveCfg = Debug|Any CPU
		{7E0AEE94-D612-47F5-9FE8-2D77EEA83992}.Debug|Any CPU.Build.0 = Debug|Any CPU
		{7E0AEE94-D612-47F5-9FE8-2D77EEA83992}.Release|Any CPU.ActiveCfg = Release|Any CPU
		{7E0AEE94-D612-47F5-9FE8-2D77EEA83992}.Release|Any CPU.Build.0 = Release|Any CPU
		{7E0AEE94-D612-47F5-9FE8-2D77EEA83992}.ReleasePackage|Any CPU.ActiveCfg = Release|Any CPU
		{7E0AEE94-D612-47F5-9FE8-2D77EEA83992}.ReleasePackage|Any CPU.Build.0 = Release|Any CPU
		{BDCB0B4B-19F6-4449-844A-58BC15E6FA1F}.Debug|Any CPU.ActiveCfg = Debug|Any CPU
		{BDCB0B4B-19F6-4449-844A-58BC15E6FA1F}.Debug|Any CPU.Build.0 = Debug|Any CPU
		{BDCB0B4B-19F6-4449-844A-58BC15E6FA1F}.Release|Any CPU.ActiveCfg = Release|Any CPU
		{BDCB0B4B-19F6-4449-844A-58BC15E6FA1F}.Release|Any CPU.Build.0 = Release|Any CPU
		{BDCB0B4B-19F6-4449-844A-58BC15E6FA1F}.ReleasePackage|Any CPU.ActiveCfg = Release|Any CPU
		{BDCB0B4B-19F6-4449-844A-58BC15E6FA1F}.ReleasePackage|Any CPU.Build.0 = Release|Any CPU
		{5FA34575-B1AE-487A-BE03-2098DA083A6B}.Debug|Any CPU.ActiveCfg = Debug|Any CPU
		{5FA34575-B1AE-487A-BE03-2098DA083A6B}.Debug|Any CPU.Build.0 = Debug|Any CPU
		{5FA34575-B1AE-487A-BE03-2098DA083A6B}.Release|Any CPU.ActiveCfg = Release|Any CPU
		{5FA34575-B1AE-487A-BE03-2098DA083A6B}.Release|Any CPU.Build.0 = Release|Any CPU
		{5FA34575-B1AE-487A-BE03-2098DA083A6B}.ReleasePackage|Any CPU.ActiveCfg = Release|Any CPU
		{5FA34575-B1AE-487A-BE03-2098DA083A6B}.ReleasePackage|Any CPU.Build.0 = Release|Any CPU
	EndGlobalSection
	GlobalSection(SolutionProperties) = preSolution
		HideSolutionNode = FALSE
	EndGlobalSection
	GlobalSection(NestedProjects) = preSolution
		{8DA996FF-242D-41EB-B139-A73165874ABB} = {FA1A9E05-5E72-4543-80E5-55326FA506D7}
		{EC2F859B-110C-4E6A-9506-D917906991D2} = {FA1A9E05-5E72-4543-80E5-55326FA506D7}
		{1D0C1D0D-22CC-4D9F-89AB-0CF3E5A104A3} = {653C3AB2-1156-483C-9A0C-53C27EDD2A71}
		{BDCB0B4B-19F6-4449-844A-58BC15E6FA1F} = {6BC1DBD0-B99A-4483-8315-C04E9EC2BC27}
	EndGlobalSection
EndGlobal
